{
  "name": "emojis-categorised",
  "version": "1.0.0",
  "lockfileVersion": 2,
  "requires": true,
  "packages": {
    "": {
      "name": "emojis-categorised",
      "version": "1.0.0",
      "license": "ISC",
      "dependencies": {
        "emojis-categorised": "^1.0.0"
      }
    },
    "node_modules/emojis-categorised": {
      "version": "1.0.0",
      "resolved": "https://registry.npmjs.org/emojis-categorised/-/emojis-categorised-1.0.0.tgz",
      "integrity": "sha512-wqSHkCP5lF6CoTzlR+5zwgAqHwgkfpwGh+1YpALTv9zTbt5FAfGAPwIliU/ftsRMTWbNmN7SU9UeF7i72i8v8A=="
    }
  },
  "dependencies": {
    "emojis-categorised": {
      "version": "1.0.0",
      "resolved": "https://registry.npmjs.org/emojis-categorised/-/emojis-categorised-1.0.0.tgz",
      "integrity": "sha512-wqSHkCP5lF6CoTzlR+5zwgAqHwgkfpwGh+1YpALTv9zTbt5FAfGAPwIliU/ftsRMTWbNmN7SU9UeF7i72i8v8A=="
    }
  }
}
